
Microsoft Visual Studio Solution File, Format Version 12.00
# Visual Studio 15
VisualStudioVersion = 15.0.27428.1
MinimumVisualStudioVersion = 10.0.40219.1
Project("{FAE04EC0-301F-11D3-BF4B-00C04F79EFBC}") = "Buy_Chicken", "Buy_Chicken\Buy_Chicken.csproj", "{F00CE8A9-1C51-4F14-B5AA-2CC57110527B}"
EndProject
Project("{FAE04EC0-301F-11D3-BF4B-00C04F79EFBC}") = "Prime_Number", "Prime_Number\Prime_Number.csproj", "{C9CC6FFF-B911-4324-A6FE-8B3BD68DE449}"
EndProject
Global
	GlobalSection(SolutionConfigurationPlatforms) = preSolution
		Debug|Any CPU = Debug|Any CPU
		Release|Any CPU = Release|Any CPU
	EndGlobalSection
	GlobalSection(ProjectConfigurationPlatforms) = postSolution
		{F00CE8A9-1C51-4F14-B5AA-2CC57110527B}.Debug|Any CPU.ActiveCfg = Debug|Any CPU
		{F00CE8A9-1C51-4F14-B5AA-2CC57110527B}.Debug|Any CPU.Build.0 = Debug|Any CPU
		{F00CE8A9-1C51-4F14-B5AA-2CC57110527B}.Release|Any CPU.ActiveCfg = Release|Any CPU
		{F00CE8A9-1C51-4F14-B5AA-2CC57110527B}.Release|Any CPU.Build.0 = Release|Any CPU
		{C9CC6FFF-B911-4324-A6FE-8B3BD68DE449}.Debug|Any CPU.ActiveCfg = Debug|Any CPU
		{C9CC6FFF-B911-4324-A6FE-8B3BD68DE449}.Debug|Any CPU.Build.0 = Debug|Any CPU
		{C9CC6FFF-B911-4324-A6FE-8B3BD68DE449}.Release|Any CPU.ActiveCfg = Release|Any CPU
		{C9CC6FFF-B911-4324-A6FE-8B3BD68DE449}.Release|Any CPU.Build.0 = Release|Any CPU
	EndGlobalSection
	GlobalSection(SolutionProperties) = preSolution
		HideSolutionNode = FALSE
	EndGlobalSection
	GlobalSection(ExtensibilityGlobals) = postSolution
		SolutionGuid = {E856ECE4-F2CE-4018-972F-B3B025844002}
	EndGlobalSection
EndGlobal
